// !$*UTF8*$!
{
	archiveVersion = 1;
	classes = {
	};
	objectVersion = 46;
	objects = {

/* Begin PBXBuildFile section */
		C957B0001BE3460B00A57655 /* AppDelegate.swift in Sources */ = {isa = PBXBuildFile; fileRef = C957AFFF1BE3460B00A57655 /* AppDelegate.swift */; };
		C957B0021BE3460B00A57655 /* ViewController.swift in Sources */ = {isa = PBXBuildFile; fileRef = C957B0011BE3460B00A57655 /* ViewController.swift */; };
		C957B0051BE3460B00A57655 /* Main.storyboard in Resources */ = {isa = PBXBuildFile; fileRef = C957B0031BE3460B00A57655 /* Main.storyboard */; };
		C957B0071BE3460B00A57655 /* Images.xcassets in Resources */ = {isa = PBXBuildFile; fileRef = C957B0061BE3460B00A57655 /* Images.xcassets */; };
		C957B00A1BE3460B00A57655 /* LaunchScreen.xib in Resources */ = {isa = PBXBuildFile; fileRef = C957B0081BE3460B00A57655 /* LaunchScreen.xib */; };
		C957B0161BE3460B00A57655 /* PagingDemoTests.swift in Sources */ = {isa = PBXBuildFile; fileRef = C957B0151BE3460B00A57655 /* PagingDemoTests.swift */; };
		C957B0201BE3464C00A57655 /* ContentViewController.swift in Sources */ = {isa = PBXBuildFile; fileRef = C957B01F1BE3464C00A57655 /* ContentViewController.swift */; };
/* End PBXBuildFile section */

/* Begin PBXContainerItemProxy section */
		C957B0101BE3460B00A57655 /* PBXContainerItemProxy */ = {
			isa = PBXContainerItemProxy;
			containerPortal = C957AFF21BE3460B00A57655 /* Project object */;
			proxyType = 1;
			remoteGlobalIDString = C957AFF91BE3460B00A57655;
			remoteInfo = PagingDemo;
		};
/* End PBXContainerItemProxy section */

/* Begin PBXFileReference section */
		C957AFFA1BE3460B00A57655 /* PagingDemo.app */ = {isa = PBXFileReference; explicitFileType = wrapper.application; includeInIndex = 0; path = PagingDemo.app; sourceTree = BUILT_PRODUCTS_DIR; };
		C957AFFE1BE3460B00A57655 /* Info.plist */ = {isa = PBXFileReference; lastKnownFileType = text.plist.xml; path = Info.plist; sourceTree = "<group>"; };
		C957AFFF1BE3460B00A57655 /* AppDelegate.swift */ = {isa = PBXFileReference; lastKnownFileType = sourcecode.swift; path = AppDelegate.swift; sourceTree = "<group>"; };
		C957B0011BE3460B00A57655 /* ViewController.swift */ = {isa = PBXFileReference; lastKnownFileType = sourcecode.swift; path = ViewController.swift; sourceTree = "<group>"; };
		C957B0041BE3460B00A57655 /* Base */ = {isa = PBXFileReference; lastKnownFileType = file.storyboard; name = Base; path = Base.lproj/Main.storyboard; sourceTree = "<group>"; };
		C957B0061BE3460B00A57655 /* Images.xcassets */ = {isa = PBXFileReference; lastKnownFileType = folder.assetcatalog; path = Images.xcassets; sourceTree = "<group>"; };
		C957B0091BE3460B00A57655 /* Base */ = {isa = PBXFileReference; lastKnownFileType = file.xib; name = Base; path = Base.lproj/LaunchScreen.xib; sourceTree = "<group>"; };
		C957B00F1BE3460B00A57655 /* PagingDemoTests.xctest */ = {isa = PBXFileReference; explicitFileType = wrapper.cfbundle; includeInIndex = 0; path = PagingDemoTests.xctest; sourceTree = BUILT_PRODUCTS_DIR; };
		C957B0141BE3460B00A57655 /* Info.plist */ = {isa = PBXFileReference; lastKnownFileType = text.plist.xml; path = Info.plist; sourceTree = "<group>"; };
		C957B0151BE3460B00A57655 /* PagingDemoTests.swift */ = {isa = PBXFileReference; lastKnownFileType = sourcecode.swift; path = PagingDemoTests.swift; sourceTree = "<group>"; };
		C957B01F1BE3464C00A57655 /* ContentViewController.swift */ = {isa = PBXFileReference; fileEncoding = 4; lastKnownFileType = sourcecode.swift; path = ContentViewController.swift; sourceTree = "<group>"; };
/* End PBXFileReference section */

/* Begin PBXFrameworksBuildPhase section */
		C957AFF71BE3460B00A57655 /* Frameworks */ = {
			isa = PBXFrameworksBuildPhase;
			buildActionMask = 2147483647;
			files = (
			);
			runOnlyForDeploymentPostprocessing = 0;
		};
		C957B00C1BE3460B00A57655 /* Frameworks */ = {
			isa = PBXFrameworksBuildPhase;
			buildActionMask = 2147483647;
			files = (
			);
			runOnlyForDeploymentPostprocessing = 0;
		};
/* End PBXFrameworksBuildPhase section */

/* Begin PBXGroup section */
		C957AFF11BE3460B00A57655 = {
			isa = PBXGroup;
			children = (
				C957AFFC1BE3460B00A57655 /* PagingDemo */,
				C957B0121BE3460B00A57655 /* PagingDemoTests */,
				C957AFFB1BE3460B00A57655 /* Products */,
			);
			sourceTree = "<group>";
		};
		C957AFFB1BE3460B00A57655 /* Products */ = {
			isa = PBXGroup;
			children = (
				C957AFFA1BE3460B00A57655 /* PagingDemo.app */,
				C957B00F1BE3460B00A57655 /* PagingDemoTests.xctest */,
			);
			name = Products;
			sourceTree = "<group>";
		};
		C957AFFC1BE3460B00A57655 /* PagingDemo */ = {
			isa = PBXGroup;
			children = (
				C957AFFF1BE3460B00A57655 /* AppDelegate.swift */,
				C957B0011BE3460B00A57655 /* ViewController.swift */,
				C957B01F1BE3464C00A57655 /* ContentViewController.swift */,
				C957B0031BE3460B00A57655 /* Main.storyboard */,
				C957B0061BE3460B00A57655 /* Images.xcassets */,
				C957B0081BE3460B00A57655 /* LaunchScreen.xib */,
				C957AFFD1BE3460B00A57655 /* Supporting Files */,
			);
			path = PagingDemo;
			sourceTree = "<group>";
		};
		C957AFFD1BE3460B00A57655 /* Supporting Files */ = {
			isa = PBXGroup;
			children = (
				C957AFFE1BE3460B00A57655 /* Info.plist */,
			);
			name = "Supporting Files";
			sourceTree = "<group>";
		};
		C957B0121BE3460B00A57655 /* PagingDemoTests */ = {
			isa = PBXGroup;
			children = (
				C957B0151BE3460B00A57655 /* PagingDemoTests.swift */,
				C957B0131BE3460B00A57655 /* Supporting Files */,
			);
			path = PagingDemoTests;
			sourceTree = "<group>";
		};
		C957B0131BE3460B00A57655 /* Supporting Files */ = {
			isa = PBXGroup;
			children = (
				C957B0141BE3460B00A57655 /* Info.plist */,
			);
			name = "Supporting Files";
			sourceTree = "<group>";
		};
/* End PBXGroup section */

/* Begin PBXNativeTarget section */
		C957AFF91BE3460B00A57655 /* PagingDemo */ = {
			isa = PBXNativeTarget;
			buildConfigurationList = C957B0191BE3460B00A57655 /* Build configuration list for PBXNativeTarget "PagingDemo" */;
			buildPhases = (
				C957AFF61BE3460B00A57655 /* Sources */,
				C957AFF71BE3460B00A57655 /* Frameworks */,
				C957AFF81BE3460B00A57655 /* Resources */,
			);
			buildRules = (
			);
			dependencies = (
			);
			name = PagingDemo;
			productName = PagingDemo;
			productReference = C957AFFA1BE3460B00A57655 /* PagingDemo.app */;
			productType = "com.apple.product-type.application";
		};
		C957B00E1BE3460B00A57655 /* PagingDemoTests */ = {
			isa = PBXNativeTarget;
			buildConfigurationList = C957B01C1BE3460B00A57655 /* Build configuration list for PBXNativeTarget "PagingDemoTests" */;
			buildPhases = (
				C957B00B1BE3460B00A57655 /* Sources */,
				C957B00C1BE3460B00A57655 /* Frameworks */,
				C957B00D1BE3460B00A57655 /* Resources */,
			);
			buildRules = (
			);
			dependencies = (
				C957B0111BE3460B00A57655 /* PBXTargetDependency */,
			);
			name = PagingDemoTests;
			productName = PagingDemoTests;
			productReference = C957B00F1BE3460B00A57655 /* PagingDemoTests.xctest */;
			productType = "com.apple.product-type.bundle.unit-test";
		};
/* End PBXNativeTarget section */

/* Begin PBXProject section */
		C957AFF21BE3460B00A57655 /* Project object */ = {
			isa = PBXProject;
			attributes = {
				LastUpgradeCheck = 0640;
				ORGANIZATIONNAME = Sadiq;
				TargetAttributes = {
					C957AFF91BE3460B00A57655 = {
						CreatedOnToolsVersion = 6.4;
					};
					C957B00E1BE3460B00A57655 = {
						CreatedOnToolsVersion = 6.4;
						TestTargetID = C957AFF91BE3460B00A57655;
					};
				};
			};
			buildConfigurationList = C957AFF51BE3460B00A57655 /* Build configuration list for PBXProject "PagingDemo" */;
			compatibilityVersion = "Xcode 3.2";
			developmentRegion = English;
			hasScannedForEncodings = 0;
			knownRegions = (
				en,
				Base,
			);
			mainGroup = C957AFF11BE3460B00A57655;
			productRefGroup = C957AFFB1BE3460B00A57655 /* Products */;
			projectDirPath = "";
			projectRoot = "";
			targets = (
				C957AFF91BE3460B00A57655 /* PagingDemo */,
				C957B00E1BE3460B00A57655 /* PagingDemoTests */,
			);
		};
/* End PBXProject section */

/* Begin PBXResourcesBuildPhase section */
		C957AFF81BE3460B00A57655 /* Resources */ = {
			isa = PBXResourcesBuildPhase;
			buildActionMask = 2147483647;
			files = (
				C957B0051BE3460B00A57655 /* Main.storyboard in Resources */,
				C957B00A1BE3460B00A57655 /* LaunchScreen.xib in Resources */,
				C957B0071BE3460B00A57655 /* Images.xcassets in Resources */,
			);
			runOnlyForDeploymentPostprocessing = 0;
		};
		C957B00D1BE3460B00A57655 /* Resources */ = {
			isa = PBXResourcesBuildPhase;
			buildActionMask = 2147483647;
			files = (
			);
			runOnlyForDeploymentPostprocessing = 0;
		};
/* End PBXResourcesBuildPhase section */

/* Begin PBXSourcesBuildPhase section */
		C957AFF61BE3460B00A57655 /* Sources */ = {
			isa = PBXSourcesBuildPhase;
			buildActionMask = 2147483647;
			files = (
				C957B0021BE3460B00A57655 /* ViewController.swift in Sources */,
				C957B0201BE3464C00A57655 /* ContentViewController.swift in Sources */,
				C957B0001BE3460B00A57655 /* AppDelegate.swift in Sources */,
			);
			runOnlyForDeploymentPostprocessing = 0;
		};
		C957B00B1BE3460B00A57655 /* Sources */ = {
			isa = PBXSourcesBuildPhase;
			buildActionMask = 2147483647;
			files = (
				C957B0161BE3460B00A57655 /* PagingDemoTests.swift in Sources */,
			);
			runOnlyForDeploymentPostprocessing = 0;
		};
/* End PBXSourcesBuildPhase section */

/* Begin PBXTargetDependency section */
		C957B0111BE3460B00A57655 /* PBXTargetDependency */ = {
			isa = PBXTargetDependency;
			target = C957AFF91BE3460B00A57655 /* PagingDemo */;
			targetProxy = C957B0101BE3460B00A57655 /* PBXContainerItemProxy */;
		};
/* End PBXTargetDependency section */

/* Begin PBXVariantGroup section */
		C957B0031BE3460B00A57655 /* Main.storyboard */ = {
			isa = PBXVariantGroup;
			children = (
				C957B0041BE3460B00A57655 /* Base */,
			);
			name = Main.storyboard;
			sourceTree = "<group>";
		};
		C957B0081BE3460B00A57655 /* LaunchScreen.xib */ = {
			isa = PBXVariantGroup;
			children = (
				C957B0091BE3460B00A57655 /* Base */,
			);
			name = LaunchScreen.xib;
			sourceTree = "<group>";
		};
/* End PBXVariantGroup section */

/* Begin XCBuildConfiguration section */
		C957B0171BE3460B00A57655 /* Debug */ = {
			isa = XCBuildConfiguration;
			buildSettings = {
				ALWAYS_SEARCH_USER_PATHS = NO;
				CLANG_CXX_LANGUAGE_STANDARD = "gnu++0x";
				CLANG_CXX_LIBRARY = "libc++";
				CLANG_ENABLE_MODULES = YES;
				CLANG_ENABLE_OBJC_ARC = YES;
				CLANG_WARN_BOOL_CONVERSION = YES;
				CLANG_WARN_CONSTANT_CONVERSION = YES;
				CLANG_WARN_DIRECT_OBJC_ISA_USAGE = YES_ERROR;
				CLANG_WARN_EMPTY_BODY = YES;
				CLANG_WARN_ENUM_CONVERSION = YES;
				CLANG_WARN_INT_CONVERSION = YES;
				CLANG_WARN_OBJC_ROOT_CLASS = YES_ERROR;
				CLANG_WARN_UNREACHABLE_CODE = YES;
				CLANG_WARN__DUPLICATE_METHOD_MATCH = YES;
				"CODE_SIGN_IDENTITY[sdk=iphoneos*]" = "iPhone Developer";
				COPY_PHASE_STRIP = NO;
				DEBUG_INFORMATION_FORMAT = "dwarf-with-dsym";
				ENABLE_STRICT_OBJC_MSGSEND = YES;
				GCC_C_LANGUAGE_STANDARD = gnu99;
				GCC_DYNAMIC_NO_PIC = NO;
				GCC_NO_COMMON_BLOCKS = YES;
				GCC_OPTIMIZATION_LEVEL = 0;
				GCC_PREPROCESSOR_DEFINITIONS = (
					"DEBUG=1",
					"$(inherited)",
				);
				GCC_SYMBOLS_PRIVATE_EXTERN = NO;
				GCC_WARN_64_TO_32_BIT_CONVERSION = YES;
				GCC_WARN_ABOUT_RETURN_TYPE = YES_ERROR;
				GCC_WARN_UNDECLARED_SELECTOR = YES;
				GCC_WARN_UNINITIALIZED_AUTOS = YES_AGGRESSIVE;
				GCC_WARN_UNUSED_FUNCTION = YES;
				GCC_WARN_UNUSED_VARIABLE = YES;
				IPHONEOS_DEPLOYMENT_TARGET = 8.4;
				MTL_ENABLE_DEBUG_INFO = YES;
				ONLY_ACTIVE_ARCH = YES;
				SDKROOT = iphoneos;
				SWIFT_OPTIMIZATION_LEVEL = "-Onone";
			};
			name = Debug;
		};
		C957B0181BE3460B00A57655 /* Release */ = {
			isa = XCBuildConfiguration;
			buildSettings = {
				ALWAYS_SEARCH_USER_PATHS = NO;
				CLANG_CXX_LANGUAGE_STANDARD = "gnu++0x";
				CLANG_CXX_LIBRARY = "libc++";
				CLANG_ENABLE_MODULES = YES;
				CLANG_ENABLE_OBJC_ARC = YES;
				CLANG_WARN_BOOL_CONVERSION = YES;
				CLANG_WARN_CONSTANT_CONVERSION = YES;
				CLANG_WARN_DIRECT_OBJC_ISA_USAGE = YES_ERROR;
				CLANG_WARN_EMPTY_BODY = YES;
				CLANG_WARN_ENUM_CONVERSION = YES;
				CLANG_WARN_INT_CONVERSION = YES;
				CLANG_WARN_OBJC_ROOT_CLASS = YES_ERROR;
				CLANG_WARN_UNREACHABLE_CODE = YES;
				CLANG_WARN__DUPLICATE_METHOD_MATCH = YES;
				"CODE_SIGN_IDENTITY[sdk=iphoneos*]" = "iPhone Developer";
				COPY_PHASE_STRIP = NO;
				DEBUG_INFORMATION_FORMAT = "dwarf-with-dsym";
				ENABLE_NS_ASSERTIONS = NO;
				ENABLE_STRICT_OBJC_MSGSEND = YES;
				GCC_C_LANGUAGE_STANDARD = gnu99;
				GCC_NO_COMMON_BLOCKS = YES;
				GCC_WARN_64_TO_32_BIT_CONVERSION = YES;
				GCC_WARN_ABOUT_RETURN_TYPE = YES_ERROR;
				GCC_WARN_UNDECLARED_SELECTOR = YES;
				GCC_WARN_UNINITIALIZED_AUTOS = YES_AGGRESSIVE;
				GCC_WARN_UNUSED_FUNCTION = YES;
				GCC_WARN_UNUSED_VARIABLE = YES;
				IPHONEOS_DEPLOYMENT_TARGET = 8.4;
				MTL_ENABLE_DEBUG_INFO = NO;
				SDKROOT = iphoneos;
				VALIDATE_PRODUCT = YES;
			};
			name = Release;
		};
		C957B01A1BE3460B00A57655 /* Debug */ = {
			isa = XCBuildConfiguration;
			buildSettings = {
				ASSETCATALOG_COMPILER_APPICON_NAME = AppIcon;
				INFOPLIST_FILE = PagingDemo/Info.plist;
				LD_RUNPATH_SEARCH_PATHS = "$(inherited) @executable_path/Frameworks";
				PRODUCT_NAME = "$(TARGET_NAME)";
			};
			name = Debug;
		};
		C957B01B1BE3460B00A57655 /* Release */ = {
			isa = XCBuildConfiguration;
			buildSettings = {
				ASSETCATALOG_COMPILER_APPICON_NAME = AppIcon;
				INFOPLIST_FILE = PagingDemo/Info.plist;
				LD_RUNPATH_SEARCH_PATHS = "$(inherited) @executable_path/Frameworks";
				PRODUCT_NAME = "$(TARGET_NAME)";
			};
			name = Release;
		};
		C957B01D1BE3460B00A57655 /* Debug */ = {
			isa = XCBuildConfiguration;
			buildSettings = {
				BUNDLE_LOADER = "$(TEST_HOST)";
				FRAMEWORK_SEARCH_PATHS = (
					"$(SDKROOT)/Developer/Library/Frameworks",
					"$(inherited)",
				);
				GCC_PREPROCESSOR_DEFINITIONS = (
					"DEBUG=1",
					"$(inherited)",
				);
				INFOPLIST_FILE = PagingDemoTests/Info.plist;
				LD_RUNPATH_SEARCH_PATHS = "$(inherited) @executable_path/Frameworks @loader_path/Frameworks";
				PRODUCT_NAME = "$(TARGET_NAME)";
				TEST_HOST = "$(BUILT_PRODUCTS_DIR)/PagingDemo.app/PagingDemo";
			};
			name = Debug;
		};
		C957B01E1BE3460B00A57655 /* Release */ = {
			isa = XCBuildConfiguration;
			buildSettings = {
				BUNDLE_LOADER = "$(TEST_HOST)";
				FRAMEWORK_SEARCH_PATHS = (
					"$(SDKROOT)/Developer/Library/Frameworks",
					"$(inherited)",
				);
				INFOPLIST_FILE = PagingDemoTests/Info.plist;
				LD_RUNPATH_SEARCH_PATHS = "$(inherited) @executable_path/Frameworks @loader_path/Frameworks";
				PRODUCT_NAME = "$(TARGET_NAME)";
				TEST_HOST = "$(BUILT_PRODUCTS_DIR)/PagingDemo.app/PagingDemo";
			};
			name = Release;
		};
/* End XCBuildConfiguration section */

/* Begin XCConfigurationList section */
		C957AFF51BE3460B00A57655 /* Build configuration list for PBXProject "PagingDemo" */ = {
			isa = XCConfigurationList;
			buildConfigurations = (
				C957B0171BE3460B00A57655 /* Debug */,
				C957B0181BE3460B00A57655 /* Release */,
			);
			defaultConfigurationIsVisible = 0;
			defaultConfigurationName = Release;
		};
		C957B0191BE3460B00A57655 /* Build configuration list for PBXNativeTarget "PagingDemo" */ = {
			isa = XCConfigurationList;
			buildConfigurations = (
				C957B01A1BE3460B00A57655 /* Debug */,
				C957B01B1BE3460B00A57655 /* Release */,
			);
			defaultConfigurationIsVisible = 0;
		};
		C957B01C1BE3460B00A57655 /* Build configuration list for PBXNativeTarget "PagingDemoTests" */ = {
			isa = XCConfigurationList;
			buildConfigurations = (
				C957B01D1BE3460B00A57655 /* Debug */,
				C957B01E1BE3460B00A57655 /* Release */,
			);
			defaultConfigurationIsVisible = 0;
		};
/* End XCConfigurationList section */
	};
	rootObject = C957AFF21BE3460B00A57655 /* Project object */;
}
